
Microsoft Visual Studio Solution File, Format Version 12.00
# Visual Studio Version 17
VisualStudioVersion = 17.14.36603.0 d17.14
MinimumVisualStudioVersion = 10.0.40219.1
Project("{FAE04EC0-301F-11D3-BF4B-00C04F79EFBC}") = "VoskSpeechToText1", "VoskSpeechToText1\VoskSpeechToText1.csproj", "{FF61088A-F962-4D71-AFE2-3CAF90910733}"
EndProject
Global
	GlobalSection(SolutionConfigurationPlatforms) = preSolution
		Debug|Any CPU = Debug|Any CPU
		Release|Any CPU = Release|Any CPU
	EndGlobalSection
	GlobalSection(ProjectConfigurationPlatforms) = postSolution
		{FF61088A-F962-4D71-AFE2-3CAF90910733}.Debug|Any CPU.ActiveCfg = Debug|Any CPU
		{FF61088A-F962-4D71-AFE2-3CAF90910733}.Debug|Any CPU.Build.0 = Debug|Any CPU
		{FF61088A-F962-4D71-AFE2-3CAF90910733}.Release|Any CPU.ActiveCfg = Release|Any CPU
		{FF61088A-F962-4D71-AFE2-3CAF90910733}.Release|Any CPU.Build.0 = Release|Any CPU
	EndGlobalSection
	GlobalSection(SolutionProperties) = preSolution
		HideSolutionNode = FALSE
	EndGlobalSection
	GlobalSection(ExtensibilityGlobals) = postSolution
		SolutionGuid = {A4BDF4C6-16A0-4B0D-BB14-5ECB6E814B48}
	EndGlobalSection
EndGlobal
